
Microsoft Visual Studio Solution File, Format Version 12.00
# Visual Studio Version 17
VisualStudioVersion = 17.2.32630.192
MinimumVisualStudioVersion = 10.0.40219.1
Project("{9A19103F-16F7-4668-BE54-9A1E7A4F7556}") = "R5T.F0122.Construction", "R5T.F0122.Construction\R5T.F0122.Construction.csproj", "{5C536695-BC15-4526-99C3-379A6DA4E0F1}"
EndProject
Project("{9A19103F-16F7-4668-BE54-9A1E7A4F7556}") = "R5T.F0122", "R5T.F0122\R5T.F0122.csproj", "{D0FAABD8-4708-43E0-9B78-989A10FB3401}"
EndProject
Project("{2150E333-8FDC-42A3-9474-1A3956D46DE8}") = "_Dependencies", "_Dependencies", "{A6F62085-0944-4859-BBB1-5799347DF94C}"
EndProject
Project("{9A19103F-16F7-4668-BE54-9A1E7A4F7556}") = "R5T.F0000", "..\..\R5T.F0000\source\R5T.F0000\R5T.F0000.csproj", "{1BB1626E-3B12-46E4-B9F7-AEDC0499A7AB}"
EndProject
Project("{9A19103F-16F7-4668-BE54-9A1E7A4F7556}") = "R5T.F0002", "..\..\R5T.F0002\source\R5T.F0002\R5T.F0002.csproj", "{05FF00F0-F747-47E4-BFFB-7A44BE417B67}"
EndProject
Project("{9A19103F-16F7-4668-BE54-9A1E7A4F7556}") = "R5T.F0017.F002", "..\..\R5T.F0017\source\R5T.F0017.F002\R5T.F0017.F002.csproj", "{976108DC-4B9B-419C-9429-079C11C4B2C9}"
EndProject
Project("{9A19103F-16F7-4668-BE54-9A1E7A4F7556}") = "R5T.F0018", "..\..\R5T.F0018\source\R5T.F0018\R5T.F0018.csproj", "{42242BC5-2E96-4313-A592-F476E5EF5763}"
EndProject
Project("{9A19103F-16F7-4668-BE54-9A1E7A4F7556}") = "R5T.F0032", "..\..\R5T.F0032\source\R5T.F0032\R5T.F0032.csproj", "{246EC092-A23D-43D8-B55B-0056DC959080}"
EndProject
Project("{9A19103F-16F7-4668-BE54-9A1E7A4F7556}") = "R5T.F0059", "..\..\R5T.F0059\source\R5T.F0059\R5T.F0059.csproj", "{4F48DE80-1008-4C8D-BB4D-44135CAAB5E5}"
EndProject
Project("{9A19103F-16F7-4668-BE54-9A1E7A4F7556}") = "R5T.F0099.T000", "..\..\R5T.F0099\source\R5T.F0099.T000\R5T.F0099.T000.csproj", "{2BAE5687-1D47-435D-BD66-5C0D148BF260}"
EndProject
Project("{9A19103F-16F7-4668-BE54-9A1E7A4F7556}") = "R5T.F0109", "..\..\R5T.F0109\source\R5T.F0109\R5T.F0109.csproj", "{E4CCF8B2-DF09-4F3B-8291-59A61CBC416A}"
EndProject
Project("{9A19103F-16F7-4668-BE54-9A1E7A4F7556}") = "R5T.F0120", "..\..\R5T.F0120\source\R5T.F0120\R5T.F0120.csproj", "{7217B74E-E060-4CA6-A6F7-99295248C452}"
EndProject
Project("{9A19103F-16F7-4668-BE54-9A1E7A4F7556}") = "R5T.F0121", "..\..\R5T.F0121\source\R5T.F0121\R5T.F0121.csproj", "{AA79CAC2-F429-4D58-ACFC-465A0EEC4D1D}"
EndProject
Project("{9A19103F-16F7-4668-BE54-9A1E7A4F7556}") = "R5T.F0123", "..\..\R5T.F0123\source\R5T.F0123\R5T.F0123.csproj", "{B5CD02CC-4895-4F16-B347-B9EDAD62BF7B}"
EndProject
Project("{9A19103F-16F7-4668-BE54-9A1E7A4F7556}") = "R5T.F0124", "..\..\R5T.F0124\source\R5T.F0124\R5T.F0124.csproj", "{F1B9701B-1619-4390-8C62-FD7FB6172ED4}"
EndProject
Project("{9A19103F-16F7-4668-BE54-9A1E7A4F7556}") = "R5T.L0030.T000", "..\..\R5T.L0030\source\R5T.L0030.T000\R5T.L0030.T000.csproj", "{C93C14CE-B697-4687-B9B1-5B263DDFBC53}"
EndProject
Project("{9A19103F-16F7-4668-BE54-9A1E7A4F7556}") = "R5T.L0053", "..\..\R5T.L0053\source\R5T.L0053\R5T.L0053.csproj", "{6E2C5FC6-332A-4425-9CF2-4016F1C3957A}"
EndProject
Project("{9A19103F-16F7-4668-BE54-9A1E7A4F7556}") = "R5T.L0056", "..\..\R5T.L0056\source\R5T.L0056\R5T.L0056.csproj", "{F745C779-5823-4D1B-B88F-F5879D11B811}"
EndProject
Project("{9A19103F-16F7-4668-BE54-9A1E7A4F7556}") = "R5T.L0062.F000", "..\..\R5T.L0062\source\R5T.L0062.F000\R5T.L0062.F000.csproj", "{B30DD742-3243-4551-9E63-DBC016C63D1D}"
EndProject
Project("{9A19103F-16F7-4668-BE54-9A1E7A4F7556}") = "R5T.L0062.F001", "..\..\R5T.L0062\source\R5T.L0062.F001\R5T.L0062.F001.csproj", "{554A0661-124F-48DD-AC91-755735AD0E82}"
EndProject
Project("{9A19103F-16F7-4668-BE54-9A1E7A4F7556}") = "R5T.L0062.L001", "..\..\R5T.L0062\source\R5T.L0062.L001\R5T.L0062.L001.csproj", "{BB5B6C75-D23F-409C-8F44-65EE092DE73F}"
EndProject
Project("{9A19103F-16F7-4668-BE54-9A1E7A4F7556}") = "R5T.L0062.T000", "..\..\R5T.L0062\source\R5T.L0062.T000\R5T.L0062.T000.csproj", "{4B0E70F5-9D04-4736-ADA9-55C6BBCD0057}"
EndProject
Project("{9A19103F-16F7-4668-BE54-9A1E7A4F7556}") = "R5T.L0062.Z000", "..\..\R5T.L0062\source\R5T.L0062.Z000\R5T.L0062.Z000.csproj", "{BF8C6F86-5F82-4258-AC42-76F16CBB23C4}"
EndProject
Project("{9A19103F-16F7-4668-BE54-9A1E7A4F7556}") = "R5T.L0063.F000", "..\..\R5T.L0063\source\R5T.L0063.F000\R5T.L0063.F000.csproj", "{89E00C0B-D708-47CC-A8BA-CDBDA692A995}"
EndProject
Project("{9A19103F-16F7-4668-BE54-9A1E7A4F7556}") = "R5T.L0063.T000", "..\..\R5T.L0063\source\R5T.L0063.T000\R5T.L0063.T000.csproj", "{A41102AA-65DB-4977-874B-A902221BEBB4}"
EndProject
Project("{9A19103F-16F7-4668-BE54-9A1E7A4F7556}") = "R5T.L0063.Z000", "..\..\R5T.L0063\source\R5T.L0063.Z000\R5T.L0063.Z000.csproj", "{AE826882-A75F-4B87-ABF6-9E514CE645EC}"
EndProject
Project("{9A19103F-16F7-4668-BE54-9A1E7A4F7556}") = "R5T.L0065.F000", "..\..\R5T.L0065\source\R5T.L0065.F000\R5T.L0065.F000.csproj", "{FCDCBAF4-3A36-4202-B044-16E27EEAA003}"
EndProject
Project("{9A19103F-16F7-4668-BE54-9A1E7A4F7556}") = "R5T.L0065.F001", "..\..\R5T.L0065\source\R5T.L0065.F001\R5T.L0065.F001.csproj", "{11E4DEC6-A149-4C4C-A71C-9B07CCC4B3B6}"
EndProject
Project("{9A19103F-16F7-4668-BE54-9A1E7A4F7556}") = "R5T.L0065.F002", "..\..\R5T.L0065\source\R5T.L0065.F002\R5T.L0065.F002.csproj", "{6F96775D-35EE-4455-A81A-37C4D00A71DC}"
EndProject
Project("{9A19103F-16F7-4668-BE54-9A1E7A4F7556}") = "R5T.L0065.F003", "..\..\R5T.L0065\source\R5T.L0065.F003\R5T.L0065.F003.csproj", "{380F5F47-5ED4-47DB-96FF-D536B3437868}"
EndProject
Project("{9A19103F-16F7-4668-BE54-9A1E7A4F7556}") = "R5T.L0065.F004", "..\..\R5T.L0065\source\R5T.L0065.F004\R5T.L0065.F004.csproj", "{8F2564F5-D74E-4DA1-AC24-C6182365456F}"
EndProject
Project("{9A19103F-16F7-4668-BE54-9A1E7A4F7556}") = "R5T.L0065.T000", "..\..\R5T.L0065\source\R5T.L0065.T000\R5T.L0065.T000.csproj", "{688F996A-4E26-4D32-B94C-A2FD72FB247C}"
EndProject
Project("{9A19103F-16F7-4668-BE54-9A1E7A4F7556}") = "R5T.L0065", "..\..\R5T.L0065\source\R5T.L0065\R5T.L0065.csproj", "{FAB554D6-8668-412F-9C91-028B8385E572}"
EndProject
Project("{9A19103F-16F7-4668-BE54-9A1E7A4F7556}") = "R5T.L0066", "..\..\R5T.L0066\source\R5T.L0066\R5T.L0066.csproj", "{34B2C754-5DA1-45E4-9FC6-BEAF6F99C2F2}"
EndProject
Project("{9A19103F-16F7-4668-BE54-9A1E7A4F7556}") = "R5T.L0071", "..\..\R5T.L0071\source\R5T.L0071\R5T.L0071.csproj", "{B3C6883D-F3CE-4C3C-8646-0D95901CD60E}"
EndProject
Project("{9A19103F-16F7-4668-BE54-9A1E7A4F7556}") = "R5T.L0074", "..\..\R5T.L0074\source\R5T.L0074\R5T.L0074.csproj", "{C8414E00-77AF-4D2E-A736-26563A662345}"
EndProject
Project("{9A19103F-16F7-4668-BE54-9A1E7A4F7556}") = "R5T.L0089.F000", "..\..\R5T.L0089\source\R5T.L0089.F000\R5T.L0089.F000.csproj", "{B5DA6F82-AF06-4111-9AC8-A939ECCFF4D3}"
EndProject
Project("{9A19103F-16F7-4668-BE54-9A1E7A4F7556}") = "R5T.L0089.T000", "..\..\R5T.L0089\source\R5T.L0089.T000\R5T.L0089.T000.csproj", "{B377F988-CA36-4DAC-A6D8-836ED011CD3B}"
EndProject
Project("{9A19103F-16F7-4668-BE54-9A1E7A4F7556}") = "R5T.L0089", "..\..\R5T.L0089\source\R5T.L0089\R5T.L0089.csproj", "{8F138B40-B411-4813-A519-CCC1D0EE2B35}"
EndProject
Project("{9A19103F-16F7-4668-BE54-9A1E7A4F7556}") = "R5T.NG0006", "..\..\R5T.NG0006\source\R5T.NG0006\R5T.NG0006.csproj", "{76521B5B-7C4A-4F09-8BF4-9EE391453C4A}"
EndProject
Project("{9A19103F-16F7-4668-BE54-9A1E7A4F7556}") = "R5T.NG0008", "..\..\R5T.NG0008\source\R5T.NG0008\R5T.NG0008.csproj", "{63005184-DF9E-421F-9A39-8BD41A90AECE}"
EndProject
Project("{9A19103F-16F7-4668-BE54-9A1E7A4F7556}") = "R5T.NG0010", "..\..\R5T.NG0010\source\R5T.NG0010\R5T.NG0010.csproj", "{9EF68110-AC80-4102-ACE5-F29389E745BC}"
EndProject
Project("{9A19103F-16F7-4668-BE54-9A1E7A4F7556}") = "R5T.NG0022", "..\..\R5T.NG0022\source\R5T.NG0022\R5T.NG0022.csproj", "{73805B9D-FFAA-441C-A71F-67C6952CC2DA}"
EndProject
Project("{9A19103F-16F7-4668-BE54-9A1E7A4F7556}") = "R5T.T0131", "..\..\R5T.T0131\source\R5T.T0131\R5T.T0131.csproj", "{F8A5E0E2-73FC-489F-80F3-3E90F84E3534}"
EndProject
Project("{9A19103F-16F7-4668-BE54-9A1E7A4F7556}") = "R5T.T0132", "..\..\R5T.T0132\source\R5T.T0132\R5T.T0132.csproj", "{A28D25C7-91F4-47CE-A7B6-BBC9B47ECBED}"
EndProject
Project("{9A19103F-16F7-4668-BE54-9A1E7A4F7556}") = "R5T.T0142", "..\..\R5T.T0142\source\R5T.T0142\R5T.T0142.csproj", "{13E09D8B-FF57-4F6F-BA1E-B622FDAEDBC1}"
EndProject
Project("{9A19103F-16F7-4668-BE54-9A1E7A4F7556}") = "R5T.T0143", "..\..\R5T.T0143\source\R5T.T0143\R5T.T0143.csproj", "{45783653-500A-4F76-91A3-3E3E6C738A90}"
EndProject
Project("{9A19103F-16F7-4668-BE54-9A1E7A4F7556}") = "R5T.T0150", "..\..\R5T.T0150\source\R5T.T0150\R5T.T0150.csproj", "{81B154F1-2F30-4B5C-96F6-63A31B495DE4}"
EndProject
Project("{9A19103F-16F7-4668-BE54-9A1E7A4F7556}") = "R5T.T0151", "..\..\R5T.T0151\source\R5T.T0151\R5T.T0151.csproj", "{5B9B458E-E403-460E-8543-2EA3BCF162C3}"
EndProject
Project("{9A19103F-16F7-4668-BE54-9A1E7A4F7556}") = "R5T.T0156", "..\..\R5T.T0156\source\R5T.T0156\R5T.T0156.csproj", "{55F095E9-0843-4FEE-9A3A-8CE024E718BC}"
EndProject
Project("{9A19103F-16F7-4668-BE54-9A1E7A4F7556}") = "R5T.T0158", "..\..\R5T.T0158\source\R5T.T0158\R5T.T0158.csproj", "{B0D80E18-B013-43B5-8950-B09B452FD30F}"
EndProject
Project("{9A19103F-16F7-4668-BE54-9A1E7A4F7556}") = "R5T.T0159", "..\..\R5T.T0159\source\R5T.T0159\R5T.T0159.csproj", "{21D58D05-3132-4112-8B57-AAC3160E0C81}"
EndProject
Project("{9A19103F-16F7-4668-BE54-9A1E7A4F7556}") = "R5T.T0161", "..\..\R5T.T0161\source\R5T.T0161\R5T.T0161.csproj", "{5E39293A-FE2C-4C4E-82FC-F5EA3C3C0BDF}"
EndProject
Project("{9A19103F-16F7-4668-BE54-9A1E7A4F7556}") = "R5T.T0162", "..\..\R5T.T0162\source\R5T.T0162\R5T.T0162.csproj", "{EAC075FC-C91B-4EBC-9A45-1951D04C56BB}"
EndProject
Project("{9A19103F-16F7-4668-BE54-9A1E7A4F7556}") = "R5T.T0169", "..\..\R5T.T0169\source\R5T.T0169\R5T.T0169.csproj", "{D9D11FA5-FD65-4E20-A8DF-DFF5A2185C68}"
EndProject
Project("{9A19103F-16F7-4668-BE54-9A1E7A4F7556}") = "R5T.T0170", "..\..\R5T.T0170\source\R5T.T0170\R5T.T0170.csproj", "{D8ED1A17-3419-4555-B3E9-D9C6E6242747}"
EndProject
Project("{9A19103F-16F7-4668-BE54-9A1E7A4F7556}") = "R5T.T0171", "..\..\R5T.T0171\source\R5T.T0171\R5T.T0171.csproj", "{D6081F93-302D-4CC3-8608-9EE89FC5CC3B}"
EndProject
Project("{9A19103F-16F7-4668-BE54-9A1E7A4F7556}") = "R5T.T0172", "..\..\R5T.T0172\source\R5T.T0172\R5T.T0172.csproj", "{7BFA4B7B-7E30-4511-AA3C-831B09348537}"
EndProject
Project("{9A19103F-16F7-4668-BE54-9A1E7A4F7556}") = "R5T.T0173", "..\..\R5T.T0173\source\R5T.T0173\R5T.T0173.csproj", "{F314970D-1572-4F58-BEF6-35332C47EB07}"
EndProject
Project("{9A19103F-16F7-4668-BE54-9A1E7A4F7556}") = "R5T.T0174", "..\..\R5T.T0174\source\R5T.T0174\R5T.T0174.csproj", "{051095A5-32F0-4F51-991D-F1BCDD491118}"
EndProject
Project("{9A19103F-16F7-4668-BE54-9A1E7A4F7556}") = "R5T.T0176", "..\..\R5T.T0176\source\R5T.T0176\R5T.T0176.csproj", "{D28AD830-40F2-4C08-B2DD-AB4955193411}"
EndProject
Project("{9A19103F-16F7-4668-BE54-9A1E7A4F7556}") = "R5T.T0177", "..\..\R5T.T0177\source\R5T.T0177\R5T.T0177.csproj", "{872AE747-57A1-42B8-AE19-3963D8B8AEEF}"
EndProject
Project("{9A19103F-16F7-4668-BE54-9A1E7A4F7556}") = "R5T.T0178", "..\..\R5T.T0178\source\R5T.T0178\R5T.T0178.csproj", "{CA329F22-A0B7-4475-BC86-02A4D4BB93B5}"
EndProject
Project("{9A19103F-16F7-4668-BE54-9A1E7A4F7556}") = "R5T.T0179", "..\..\R5T.T0179\source\R5T.T0179\R5T.T0179.csproj", "{1EFE78B5-8944-4897-8865-7CF3177465B7}"
EndProject
Project("{9A19103F-16F7-4668-BE54-9A1E7A4F7556}") = "R5T.T0180", "..\..\R5T.T0180\source\R5T.T0180\R5T.T0180.csproj", "{FC0EA191-9D61-463F-B745-6FB6B9D868BA}"
EndProject
Project("{9A19103F-16F7-4668-BE54-9A1E7A4F7556}") = "R5T.T0181", "..\..\R5T.T0181\source\R5T.T0181\R5T.T0181.csproj", "{54AD47C7-81E2-4313-A2F5-2365426872CC}"
EndProject
Project("{9A19103F-16F7-4668-BE54-9A1E7A4F7556}") = "R5T.T0185", "..\..\R5T.T0185\source\R5T.T0185\R5T.T0185.csproj", "{CC6C70FC-8817-4941-9249-B30665BDEB65}"
EndProject
Project("{9A19103F-16F7-4668-BE54-9A1E7A4F7556}") = "R5T.T0199.T000", "..\..\R5T.T0199\source\R5T.T0199.T000\R5T.T0199.T000.csproj", "{7A0C7B2F-BA9C-4DA1-8F39-9B7639F2473B}"
EndProject
Project("{9A19103F-16F7-4668-BE54-9A1E7A4F7556}") = "R5T.T0199.T001", "..\..\R5T.T0199\source\R5T.T0199.T001\R5T.T0199.T001.csproj", "{F921A843-9081-4C9F-899C-133706788496}"
EndProject
Project("{9A19103F-16F7-4668-BE54-9A1E7A4F7556}") = "R5T.T0199", "..\..\R5T.T0199\source\R5T.T0199\R5T.T0199.csproj", "{0C48C626-6A20-4E45-8331-842D4EA6C780}"
EndProject
Project("{9A19103F-16F7-4668-BE54-9A1E7A4F7556}") = "R5T.T0203", "..\..\R5T.T0203\source\R5T.T0203\R5T.T0203.csproj", "{A7A40682-9DCE-4B3E-8F15-CEF3BF68800B}"
EndProject
Project("{9A19103F-16F7-4668-BE54-9A1E7A4F7556}") = "R5T.T0213", "..\..\R5T.T0213\source\R5T.T0213\R5T.T0213.csproj", "{5F46E6B3-B03F-43DA-8BD3-8AF560BC6AC8}"
EndProject
Project("{9A19103F-16F7-4668-BE54-9A1E7A4F7556}") = "R5T.T0218", "..\..\R5T.T0218\source\R5T.T0218\R5T.T0218.csproj", "{F8518300-B712-49CC-A5E7-50B95D515AEB}"
EndProject
Project("{9A19103F-16F7-4668-BE54-9A1E7A4F7556}") = "R5T.T0219", "..\..\R5T.T0219\source\R5T.T0219\R5T.T0219.csproj", "{1C90B894-BBB6-46D5-8DA3-AA27517C2353}"
EndProject
Project("{9A19103F-16F7-4668-BE54-9A1E7A4F7556}") = "R5T.T0220", "..\..\R5T.T0220\source\R5T.T0220\R5T.T0220.csproj", "{FC8EA728-0D27-4C76-9F54-E7F8CD23EDD6}"
EndProject
Project("{9A19103F-16F7-4668-BE54-9A1E7A4F7556}") = "R5T.T0221", "..\..\R5T.T0221\source\R5T.T0221\R5T.T0221.csproj", "{11E0839C-3596-429D-B587-BAB0F2DB7B67}"
EndProject
Project("{9A19103F-16F7-4668-BE54-9A1E7A4F7556}") = "R5T.T0227", "..\..\R5T.T0227\source\R5T.T0227\R5T.T0227.csproj", "{91EBBC2E-171A-4210-84A1-951483DE7DF2}"
EndProject
Project("{9A19103F-16F7-4668-BE54-9A1E7A4F7556}") = "R5T.Y0000", "..\..\R5T.Y0000\source\R5T.Y0000\R5T.Y0000.csproj", "{DDE71950-DDBB-4565-9B4B-8898833CB548}"
EndProject
Project("{9A19103F-16F7-4668-BE54-9A1E7A4F7556}") = "R5T.Y0006", "..\..\R5T.Y0006\source\R5T.Y0006\R5T.Y0006.csproj", "{FCBDE142-EDCF-48AE-B5E5-8AD83FD2A3A4}"
EndProject
Project("{9A19103F-16F7-4668-BE54-9A1E7A4F7556}") = "R5T.Z0000", "..\..\R5T.Z0000\source\R5T.Z0000\R5T.Z0000.csproj", "{42E40C24-59A5-47D8-9885-5249A3A5E34D}"
EndProject
Project("{9A19103F-16F7-4668-BE54-9A1E7A4F7556}") = "R5T.Z0010.Platform", "..\..\R5T.Z0010\source\R5T.Z0010.Platform\R5T.Z0010.Platform.csproj", "{B5D8E3EE-2385-41A3-9199-684C8C49D214}"
EndProject
Project("{9A19103F-16F7-4668-BE54-9A1E7A4F7556}") = "R5T.Z0010", "..\..\R5T.Z0010\source\R5T.Z0010\R5T.Z0010.csproj", "{238BBF86-464C-4290-A05F-0064858298E2}"
EndProject
Project("{9A19103F-16F7-4668-BE54-9A1E7A4F7556}") = "R5T.Z0037", "..\..\R5T.Z0037\source\R5T.Z0037\R5T.Z0037.csproj", "{BDF244BF-0943-421F-A2F4-0E53718B20F5}"
EndProject
Project("{9A19103F-16F7-4668-BE54-9A1E7A4F7556}") = "R5T.Z0057.Platform", "..\..\R5T.Z0057\source\R5T.Z0057.Platform\R5T.Z0057.Platform.csproj", "{B22F98DB-F5D6-44BA-B793-473D4F49AEBD}"
EndProject
Project("{9A19103F-16F7-4668-BE54-9A1E7A4F7556}") = "R5T.Z0057", "..\..\R5T.Z0057\source\R5T.Z0057\R5T.Z0057.csproj", "{DA1D95C1-36C6-49F1-8E24-FE26FC3EFF8F}"
EndProject
Project("{9A19103F-16F7-4668-BE54-9A1E7A4F7556}") = "R5T.Z0058", "..\..\R5T.Z0058\source\R5T.Z0058\R5T.Z0058.csproj", "{EEE62837-61F0-4F68-8FF2-AFEAF6E53C74}"
EndProject
Global
	GlobalSection(NestedProjects) = preSolution
		{1BB1626E-3B12-46E4-B9F7-AEDC0499A7AB} = {A6F62085-0944-4859-BBB1-5799347DF94C}
		{05FF00F0-F747-47E4-BFFB-7A44BE417B67} = {A6F62085-0944-4859-BBB1-5799347DF94C}
		{976108DC-4B9B-419C-9429-079C11C4B2C9} = {A6F62085-0944-4859-BBB1-5799347DF94C}
		{42242BC5-2E96-4313-A592-F476E5EF5763} = {A6F62085-0944-4859-BBB1-5799347DF94C}
		{246EC092-A23D-43D8-B55B-0056DC959080} = {A6F62085-0944-4859-BBB1-5799347DF94C}
		{4F48DE80-1008-4C8D-BB4D-44135CAAB5E5} = {A6F62085-0944-4859-BBB1-5799347DF94C}
		{2BAE5687-1D47-435D-BD66-5C0D148BF260} = {A6F62085-0944-4859-BBB1-5799347DF94C}
		{E4CCF8B2-DF09-4F3B-8291-59A61CBC416A} = {A6F62085-0944-4859-BBB1-5799347DF94C}
		{7217B74E-E060-4CA6-A6F7-99295248C452} = {A6F62085-0944-4859-BBB1-5799347DF94C}
		{AA79CAC2-F429-4D58-ACFC-465A0EEC4D1D} = {A6F62085-0944-4859-BBB1-5799347DF94C}
		{B5CD02CC-4895-4F16-B347-B9EDAD62BF7B} = {A6F62085-0944-4859-BBB1-5799347DF94C}
		{F1B9701B-1619-4390-8C62-FD7FB6172ED4} = {A6F62085-0944-4859-BBB1-5799347DF94C}
		{C93C14CE-B697-4687-B9B1-5B263DDFBC53} = {A6F62085-0944-4859-BBB1-5799347DF94C}
		{6E2C5FC6-332A-4425-9CF2-4016F1C3957A} = {A6F62085-0944-4859-BBB1-5799347DF94C}
		{F745C779-5823-4D1B-B88F-F5879D11B811} = {A6F62085-0944-4859-BBB1-5799347DF94C}
		{B30DD742-3243-4551-9E63-DBC016C63D1D} = {A6F62085-0944-4859-BBB1-5799347DF94C}
		{554A0661-124F-48DD-AC91-755735AD0E82} = {A6F62085-0944-4859-BBB1-5799347DF94C}
		{BB5B6C75-D23F-409C-8F44-65EE092DE73F} = {A6F62085-0944-4859-BBB1-5799347DF94C}
		{4B0E70F5-9D04-4736-ADA9-55C6BBCD0057} = {A6F62085-0944-4859-BBB1-5799347DF94C}
		{BF8C6F86-5F82-4258-AC42-76F16CBB23C4} = {A6F62085-0944-4859-BBB1-5799347DF94C}
		{89E00C0B-D708-47CC-A8BA-CDBDA692A995} = {A6F62085-0944-4859-BBB1-5799347DF94C}
		{A41102AA-65DB-4977-874B-A902221BEBB4} = {A6F62085-0944-4859-BBB1-5799347DF94C}
		{AE826882-A75F-4B87-ABF6-9E514CE645EC} = {A6F62085-0944-4859-BBB1-5799347DF94C}
		{FCDCBAF4-3A36-4202-B044-16E27EEAA003} = {A6F62085-0944-4859-BBB1-5799347DF94C}
		{11E4DEC6-A149-4C4C-A71C-9B07CCC4B3B6} = {A6F62085-0944-4859-BBB1-5799347DF94C}
		{6F96775D-35EE-4455-A81A-37C4D00A71DC} = {A6F62085-0944-4859-BBB1-5799347DF94C}
		{380F5F47-5ED4-47DB-96FF-D536B3437868} = {A6F62085-0944-4859-BBB1-5799347DF94C}
		{8F2564F5-D74E-4DA1-AC24-C6182365456F} = {A6F62085-0944-4859-BBB1-5799347DF94C}
		{688F996A-4E26-4D32-B94C-A2FD72FB247C} = {A6F62085-0944-4859-BBB1-5799347DF94C}
		{FAB554D6-8668-412F-9C91-028B8385E572} = {A6F62085-0944-4859-BBB1-5799347DF94C}
		{34B2C754-5DA1-45E4-9FC6-BEAF6F99C2F2} = {A6F62085-0944-4859-BBB1-5799347DF94C}
		{B3C6883D-F3CE-4C3C-8646-0D95901CD60E} = {A6F62085-0944-4859-BBB1-5799347DF94C}
		{C8414E00-77AF-4D2E-A736-26563A662345} = {A6F62085-0944-4859-BBB1-5799347DF94C}
		{B5DA6F82-AF06-4111-9AC8-A939ECCFF4D3} = {A6F62085-0944-4859-BBB1-5799347DF94C}
		{B377F988-CA36-4DAC-A6D8-836ED011CD3B} = {A6F62085-0944-4859-BBB1-5799347DF94C}
		{8F138B40-B411-4813-A519-CCC1D0EE2B35} = {A6F62085-0944-4859-BBB1-5799347DF94C}
		{76521B5B-7C4A-4F09-8BF4-9EE391453C4A} = {A6F62085-0944-4859-BBB1-5799347DF94C}
		{63005184-DF9E-421F-9A39-8BD41A90AECE} = {A6F62085-0944-4859-BBB1-5799347DF94C}
		{9EF68110-AC80-4102-ACE5-F29389E745BC} = {A6F62085-0944-4859-BBB1-5799347DF94C}
		{73805B9D-FFAA-441C-A71F-67C6952CC2DA} = {A6F62085-0944-4859-BBB1-5799347DF94C}
		{F8A5E0E2-73FC-489F-80F3-3E90F84E3534} = {A6F62085-0944-4859-BBB1-5799347DF94C}
		{A28D25C7-91F4-47CE-A7B6-BBC9B47ECBED} = {A6F62085-0944-4859-BBB1-5799347DF94C}
		{13E09D8B-FF57-4F6F-BA1E-B622FDAEDBC1} = {A6F62085-0944-4859-BBB1-5799347DF94C}
		{45783653-500A-4F76-91A3-3E3E6C738A90} = {A6F62085-0944-4859-BBB1-5799347DF94C}
		{81B154F1-2F30-4B5C-96F6-63A31B495DE4} = {A6F62085-0944-4859-BBB1-5799347DF94C}
		{5B9B458E-E403-460E-8543-2EA3BCF162C3} = {A6F62085-0944-4859-BBB1-5799347DF94C}
		{55F095E9-0843-4FEE-9A3A-8CE024E718BC} = {A6F62085-0944-4859-BBB1-5799347DF94C}
		{B0D80E18-B013-43B5-8950-B09B452FD30F} = {A6F62085-0944-4859-BBB1-5799347DF94C}
		{21D58D05-3132-4112-8B57-AAC3160E0C81} = {A6F62085-0944-4859-BBB1-5799347DF94C}
		{5E39293A-FE2C-4C4E-82FC-F5EA3C3C0BDF} = {A6F62085-0944-4859-BBB1-5799347DF94C}
		{EAC075FC-C91B-4EBC-9A45-1951D04C56BB} = {A6F62085-0944-4859-BBB1-5799347DF94C}
		{D9D11FA5-FD65-4E20-A8DF-DFF5A2185C68} = {A6F62085-0944-4859-BBB1-5799347DF94C}
		{D8ED1A17-3419-4555-B3E9-D9C6E6242747} = {A6F62085-0944-4859-BBB1-5799347DF94C}
		{D6081F93-302D-4CC3-8608-9EE89FC5CC3B} = {A6F62085-0944-4859-BBB1-5799347DF94C}
		{7BFA4B7B-7E30-4511-AA3C-831B09348537} = {A6F62085-0944-4859-BBB1-5799347DF94C}
		{F314970D-1572-4F58-BEF6-35332C47EB07} = {A6F62085-0944-4859-BBB1-5799347DF94C}
		{051095A5-32F0-4F51-991D-F1BCDD491118} = {A6F62085-0944-4859-BBB1-5799347DF94C}
		{D28AD830-40F2-4C08-B2DD-AB4955193411} = {A6F62085-0944-4859-BBB1-5799347DF94C}
		{872AE747-57A1-42B8-AE19-3963D8B8AEEF} = {A6F62085-0944-4859-BBB1-5799347DF94C}
		{CA329F22-A0B7-4475-BC86-02A4D4BB93B5} = {A6F62085-0944-4859-BBB1-5799347DF94C}
		{1EFE78B5-8944-4897-8865-7CF3177465B7} = {A6F62085-0944-4859-BBB1-5799347DF94C}
		{FC0EA191-9D61-463F-B745-6FB6B9D868BA} = {A6F62085-0944-4859-BBB1-5799347DF94C}
		{54AD47C7-81E2-4313-A2F5-2365426872CC} = {A6F62085-0944-4859-BBB1-5799347DF94C}
		{CC6C70FC-8817-4941-9249-B30665BDEB65} = {A6F62085-0944-4859-BBB1-5799347DF94C}
		{7A0C7B2F-BA9C-4DA1-8F39-9B7639F2473B} = {A6F62085-0944-4859-BBB1-5799347DF94C}
		{F921A843-9081-4C9F-899C-133706788496} = {A6F62085-0944-4859-BBB1-5799347DF94C}
		{0C48C626-6A20-4E45-8331-842D4EA6C780} = {A6F62085-0944-4859-BBB1-5799347DF94C}
		{A7A40682-9DCE-4B3E-8F15-CEF3BF68800B} = {A6F62085-0944-4859-BBB1-5799347DF94C}
		{5F46E6B3-B03F-43DA-8BD3-8AF560BC6AC8} = {A6F62085-0944-4859-BBB1-5799347DF94C}
		{F8518300-B712-49CC-A5E7-50B95D515AEB} = {A6F62085-0944-4859-BBB1-5799347DF94C}
		{1C90B894-BBB6-46D5-8DA3-AA27517C2353} = {A6F62085-0944-4859-BBB1-5799347DF94C}
		{FC8EA728-0D27-4C76-9F54-E7F8CD23EDD6} = {A6F62085-0944-4859-BBB1-5799347DF94C}
		{11E0839C-3596-429D-B587-BAB0F2DB7B67} = {A6F62085-0944-4859-BBB1-5799347DF94C}
		{91EBBC2E-171A-4210-84A1-951483DE7DF2} = {A6F62085-0944-4859-BBB1-5799347DF94C}
		{DDE71950-DDBB-4565-9B4B-8898833CB548} = {A6F62085-0944-4859-BBB1-5799347DF94C}
		{FCBDE142-EDCF-48AE-B5E5-8AD83FD2A3A4} = {A6F62085-0944-4859-BBB1-5799347DF94C}
		{42E40C24-59A5-47D8-9885-5249A3A5E34D} = {A6F62085-0944-4859-BBB1-5799347DF94C}
		{B5D8E3EE-2385-41A3-9199-684C8C49D214} = {A6F62085-0944-4859-BBB1-5799347DF94C}
		{238BBF86-464C-4290-A05F-0064858298E2} = {A6F62085-0944-4859-BBB1-5799347DF94C}
		{BDF244BF-0943-421F-A2F4-0E53718B20F5} = {A6F62085-0944-4859-BBB1-5799347DF94C}
		{B22F98DB-F5D6-44BA-B793-473D4F49AEBD} = {A6F62085-0944-4859-BBB1-5799347DF94C}
		{DA1D95C1-36C6-49F1-8E24-FE26FC3EFF8F} = {A6F62085-0944-4859-BBB1-5799347DF94C}
		{EEE62837-61F0-4F68-8FF2-AFEAF6E53C74} = {A6F62085-0944-4859-BBB1-5799347DF94C}
	EndGlobalSection
	GlobalSection(SolutionConfigurationPlatforms) = preSolution
		Debug|Any CPU = Debug|Any CPU
		Release|Any CPU = Release|Any CPU
	EndGlobalSection
	GlobalSection(ProjectConfigurationPlatforms) = postSolution
		{5C536695-BC15-4526-99C3-379A6DA4E0F1}.Debug|Any CPU.ActiveCfg = Debug|Any CPU
		{5C536695-BC15-4526-99C3-379A6DA4E0F1}.Debug|Any CPU.Build.0 = Debug|Any CPU
		{5C536695-BC15-4526-99C3-379A6DA4E0F1}.Release|Any CPU.ActiveCfg = Release|Any CPU
		{5C536695-BC15-4526-99C3-379A6DA4E0F1}.Release|Any CPU.Build.0 = Release|Any CPU
		{D0FAABD8-4708-43E0-9B78-989A10FB3401}.Debug|Any CPU.ActiveCfg = Debug|Any CPU
		{D0FAABD8-4708-43E0-9B78-989A10FB3401}.Debug|Any CPU.Build.0 = Debug|Any CPU
		{D0FAABD8-4708-43E0-9B78-989A10FB3401}.Release|Any CPU.ActiveCfg = Release|Any CPU
		{D0FAABD8-4708-43E0-9B78-989A10FB3401}.Release|Any CPU.Build.0 = Release|Any CPU
		{1BB1626E-3B12-46E4-B9F7-AEDC0499A7AB}.Debug|Any CPU.ActiveCfg = Debug|Any CPU
		{1BB1626E-3B12-46E4-B9F7-AEDC0499A7AB}.Debug|Any CPU.Build.0 = Debug|Any CPU
		{1BB1626E-3B12-46E4-B9F7-AEDC0499A7AB}.Release|Any CPU.ActiveCfg = Release|Any CPU
		{1BB1626E-3B12-46E4-B9F7-AEDC0499A7AB}.Release|Any CPU.Build.0 = Release|Any CPU
		{05FF00F0-F747-47E4-BFFB-7A44BE417B67}.Debug|Any CPU.ActiveCfg = Debug|Any CPU
		{05FF00F0-F747-47E4-BFFB-7A44BE417B67}.Debug|Any CPU.Build.0 = Debug|Any CPU
		{05FF00F0-F747-47E4-BFFB-7A44BE417B67}.Release|Any CPU.ActiveCfg = Release|Any CPU
		{05FF00F0-F747-47E4-BFFB-7A44BE417B67}.Release|Any CPU.Build.0 = Release|Any CPU
		{976108DC-4B9B-419C-9429-079C11C4B2C9}.Debug|Any CPU.ActiveCfg = Debug|Any CPU
		{976108DC-4B9B-419C-9429-079C11C4B2C9}.Debug|Any CPU.Build.0 = Debug|Any CPU
		{976108DC-4B9B-419C-9429-079C11C4B2C9}.Release|Any CPU.ActiveCfg = Release|Any CPU
		{976108DC-4B9B-419C-9429-079C11C4B2C9}.Release|Any CPU.Build.0 = Release|Any CPU
		{42242BC5-2E96-4313-A592-F476E5EF5763}.Debug|Any CPU.ActiveCfg = Debug|Any CPU
		{42242BC5-2E96-4313-A592-F476E5EF5763}.Debug|Any CPU.Build.0 = Debug|Any CPU
		{42242BC5-2E96-4313-A592-F476E5EF5763}.Release|Any CPU.ActiveCfg = Release|Any CPU
		{42242BC5-2E96-4313-A592-F476E5EF5763}.Release|Any CPU.Build.0 = Release|Any CPU
		{246EC092-A23D-43D8-B55B-0056DC959080}.Debug|Any CPU.ActiveCfg = Debug|Any CPU
		{246EC092-A23D-43D8-B55B-0056DC959080}.Debug|Any CPU.Build.0 = Debug|Any CPU
		{246EC092-A23D-43D8-B55B-0056DC959080}.Release|Any CPU.ActiveCfg = Release|Any CPU
		{246EC092-A23D-43D8-B55B-0056DC959080}.Release|Any CPU.Build.0 = Release|Any CPU
		{4F48DE80-1008-4C8D-BB4D-44135CAAB5E5}.Debug|Any CPU.ActiveCfg = Debug|Any CPU
		{4F48DE80-1008-4C8D-BB4D-44135CAAB5E5}.Debug|Any CPU.Build.0 = Debug|Any CPU
		{4F48DE80-1008-4C8D-BB4D-44135CAAB5E5}.Release|Any CPU.ActiveCfg = Release|Any CPU
		{4F48DE80-1008-4C8D-BB4D-44135CAAB5E5}.Release|Any CPU.Build.0 = Release|Any CPU
		{2BAE5687-1D47-435D-BD66-5C0D148BF260}.Debug|Any CPU.ActiveCfg = Debug|Any CPU
		{2BAE5687-1D47-435D-BD66-5C0D148BF260}.Debug|Any CPU.Build.0 = Debug|Any CPU
		{2BAE5687-1D47-435D-BD66-5C0D148BF260}.Release|Any CPU.ActiveCfg = Release|Any CPU
		{2BAE5687-1D47-435D-BD66-5C0D148BF260}.Release|Any CPU.Build.0 = Release|Any CPU
		{E4CCF8B2-DF09-4F3B-8291-59A61CBC416A}.Debug|Any CPU.ActiveCfg = Debug|Any CPU
		{E4CCF8B2-DF09-4F3B-8291-59A61CBC416A}.Debug|Any CPU.Build.0 = Debug|Any CPU
		{E4CCF8B2-DF09-4F3B-8291-59A61CBC416A}.Release|Any CPU.ActiveCfg = Release|Any CPU
		{E4CCF8B2-DF09-4F3B-8291-59A61CBC416A}.Release|Any CPU.Build.0 = Release|Any CPU
		{7217B74E-E060-4CA6-A6F7-99295248C452}.Debug|Any CPU.ActiveCfg = Debug|Any CPU
		{7217B74E-E060-4CA6-A6F7-99295248C452}.Debug|Any CPU.Build.0 = Debug|Any CPU
		{7217B74E-E060-4CA6-A6F7-99295248C452}.Release|Any CPU.ActiveCfg = Release|Any CPU
		{7217B74E-E060-4CA6-A6F7-99295248C452}.Release|Any CPU.Build.0 = Release|Any CPU
		{AA79CAC2-F429-4D58-ACFC-465A0EEC4D1D}.Debug|Any CPU.ActiveCfg = Debug|Any CPU
		{AA79CAC2-F429-4D58-ACFC-465A0EEC4D1D}.Debug|Any CPU.Build.0 = Debug|Any CPU
		{AA79CAC2-F429-4D58-ACFC-465A0EEC4D1D}.Release|Any CPU.ActiveCfg = Release|Any CPU
		{AA79CAC2-F429-4D58-ACFC-465A0EEC4D1D}.Release|Any CPU.Build.0 = Release|Any CPU
		{B5CD02CC-4895-4F16-B347-B9EDAD62BF7B}.Debug|Any CPU.ActiveCfg = Debug|Any CPU
		{B5CD02CC-4895-4F16-B347-B9EDAD62BF7B}.Debug|Any CPU.Build.0 = Debug|Any CPU
		{B5CD02CC-4895-4F16-B347-B9EDAD62BF7B}.Release|Any CPU.ActiveCfg = Release|Any CPU
		{B5CD02CC-4895-4F16-B347-B9EDAD62BF7B}.Release|Any CPU.Build.0 = Release|Any CPU
		{F1B9701B-1619-4390-8C62-FD7FB6172ED4}.Debug|Any CPU.ActiveCfg = Debug|Any CPU
		{F1B9701B-1619-4390-8C62-FD7FB6172ED4}.Debug|Any CPU.Build.0 = Debug|Any CPU
		{F1B9701B-1619-4390-8C62-FD7FB6172ED4}.Release|Any CPU.ActiveCfg = Release|Any CPU
		{F1B9701B-1619-4390-8C62-FD7FB6172ED4}.Release|Any CPU.Build.0 = Release|Any CPU
		{C93C14CE-B697-4687-B9B1-5B263DDFBC53}.Debug|Any CPU.ActiveCfg = Debug|Any CPU
		{C93C14CE-B697-4687-B9B1-5B263DDFBC53}.Debug|Any CPU.Build.0 = Debug|Any CPU
		{C93C14CE-B697-4687-B9B1-5B263DDFBC53}.Release|Any CPU.ActiveCfg = Release|Any CPU
		{C93C14CE-B697-4687-B9B1-5B263DDFBC53}.Release|Any CPU.Build.0 = Release|Any CPU
		{6E2C5FC6-332A-4425-9CF2-4016F1C3957A}.Debug|Any CPU.ActiveCfg = Debug|Any CPU
		{6E2C5FC6-332A-4425-9CF2-4016F1C3957A}.Debug|Any CPU.Build.0 = Debug|Any CPU
		{6E2C5FC6-332A-4425-9CF2-4016F1C3957A}.Release|Any CPU.ActiveCfg = Release|Any CPU
		{6E2C5FC6-332A-4425-9CF2-4016F1C3957A}.Release|Any CPU.Build.0 = Release|Any CPU
		{F745C779-5823-4D1B-B88F-F5879D11B811}.Debug|Any CPU.ActiveCfg = Debug|Any CPU
		{F745C779-5823-4D1B-B88F-F5879D11B811}.Debug|Any CPU.Build.0 = Debug|Any CPU
		{F745C779-5823-4D1B-B88F-F5879D11B811}.Release|Any CPU.ActiveCfg = Release|Any CPU
		{F745C779-5823-4D1B-B88F-F5879D11B811}.Release|Any CPU.Build.0 = Release|Any CPU
		{B30DD742-3243-4551-9E63-DBC016C63D1D}.Debug|Any CPU.ActiveCfg = Debug|Any CPU
		{B30DD742-3243-4551-9E63-DBC016C63D1D}.Debug|Any CPU.Build.0 = Debug|Any CPU
		{B30DD742-3243-4551-9E63-DBC016C63D1D}.Release|Any CPU.ActiveCfg = Release|Any CPU
		{B30DD742-3243-4551-9E63-DBC016C63D1D}.Release|Any CPU.Build.0 = Release|Any CPU
		{554A0661-124F-48DD-AC91-755735AD0E82}.Debug|Any CPU.ActiveCfg = Debug|Any CPU
		{554A0661-124F-48DD-AC91-755735AD0E82}.Debug|Any CPU.Build.0 = Debug|Any CPU
		{554A0661-124F-48DD-AC91-755735AD0E82}.Release|Any CPU.ActiveCfg = Release|Any CPU
		{554A0661-124F-48DD-AC91-755735AD0E82}.Release|Any CPU.Build.0 = Release|Any CPU
		{BB5B6C75-D23F-409C-8F44-65EE092DE73F}.Debug|Any CPU.ActiveCfg = Debug|Any CPU
		{BB5B6C75-D23F-409C-8F44-65EE092DE73F}.Debug|Any CPU.Build.0 = Debug|Any CPU
		{BB5B6C75-D23F-409C-8F44-65EE092DE73F}.Release|Any CPU.ActiveCfg = Release|Any CPU
		{BB5B6C75-D23F-409C-8F44-65EE092DE73F}.Release|Any CPU.Build.0 = Release|Any CPU
		{4B0E70F5-9D04-4736-ADA9-55C6BBCD0057}.Debug|Any CPU.ActiveCfg = Debug|Any CPU
		{4B0E70F5-9D04-4736-ADA9-55C6BBCD0057}.Debug|Any CPU.Build.0 = Debug|Any CPU
		{4B0E70F5-9D04-4736-ADA9-55C6BBCD0057}.Release|Any CPU.ActiveCfg = Release|Any CPU
		{4B0E70F5-9D04-4736-ADA9-55C6BBCD0057}.Release|Any CPU.Build.0 = Release|Any CPU
		{BF8C6F86-5F82-4258-AC42-76F16CBB23C4}.Debug|Any CPU.ActiveCfg = Debug|Any CPU
		{BF8C6F86-5F82-4258-AC42-76F16CBB23C4}.Debug|Any CPU.Build.0 = Debug|Any CPU
		{BF8C6F86-5F82-4258-AC42-76F16CBB23C4}.Release|Any CPU.ActiveCfg = Release|Any CPU
		{BF8C6F86-5F82-4258-AC42-76F16CBB23C4}.Release|Any CPU.Build.0 = Release|Any CPU
		{89E00C0B-D708-47CC-A8BA-CDBDA692A995}.Debug|Any CPU.ActiveCfg = Debug|Any CPU
		{89E00C0B-D708-47CC-A8BA-CDBDA692A995}.Debug|Any CPU.Build.0 = Debug|Any CPU
		{89E00C0B-D708-47CC-A8BA-CDBDA692A995}.Release|Any CPU.ActiveCfg = Release|Any CPU
		{89E00C0B-D708-47CC-A8BA-CDBDA692A995}.Release|Any CPU.Build.0 = Release|Any CPU
		{A41102AA-65DB-4977-874B-A902221BEBB4}.Debug|Any CPU.ActiveCfg = Debug|Any CPU
		{A41102AA-65DB-4977-874B-A902221BEBB4}.Debug|Any CPU.Build.0 = Debug|Any CPU
		{A41102AA-65DB-4977-874B-A902221BEBB4}.Release|Any CPU.ActiveCfg = Release|Any CPU
		{A41102AA-65DB-4977-874B-A902221BEBB4}.Release|Any CPU.Build.0 = Release|Any CPU
		{AE826882-A75F-4B87-ABF6-9E514CE645EC}.Debug|Any CPU.ActiveCfg = Debug|Any CPU
		{AE826882-A75F-4B87-ABF6-9E514CE645EC}.Debug|Any CPU.Build.0 = Debug|Any CPU
		{AE826882-A75F-4B87-ABF6-9E514CE645EC}.Release|Any CPU.ActiveCfg = Release|Any CPU
		{AE826882-A75F-4B87-ABF6-9E514CE645EC}.Release|Any CPU.Build.0 = Release|Any CPU
		{FCDCBAF4-3A36-4202-B044-16E27EEAA003}.Debug|Any CPU.ActiveCfg = Debug|Any CPU
		{FCDCBAF4-3A36-4202-B044-16E27EEAA003}.Debug|Any CPU.Build.0 = Debug|Any CPU
		{FCDCBAF4-3A36-4202-B044-16E27EEAA003}.Release|Any CPU.ActiveCfg = Release|Any CPU
		{FCDCBAF4-3A36-4202-B044-16E27EEAA003}.Release|Any CPU.Build.0 = Release|Any CPU
		{11E4DEC6-A149-4C4C-A71C-9B07CCC4B3B6}.Debug|Any CPU.ActiveCfg = Debug|Any CPU
		{11E4DEC6-A149-4C4C-A71C-9B07CCC4B3B6}.Debug|Any CPU.Build.0 = Debug|Any CPU
		{11E4DEC6-A149-4C4C-A71C-9B07CCC4B3B6}.Release|Any CPU.ActiveCfg = Release|Any CPU
		{11E4DEC6-A149-4C4C-A71C-9B07CCC4B3B6}.Release|Any CPU.Build.0 = Release|Any CPU
		{6F96775D-35EE-4455-A81A-37C4D00A71DC}.Debug|Any CPU.ActiveCfg = Debug|Any CPU
		{6F96775D-35EE-4455-A81A-37C4D00A71DC}.Debug|Any CPU.Build.0 = Debug|Any CPU
		{6F96775D-35EE-4455-A81A-37C4D00A71DC}.Release|Any CPU.ActiveCfg = Release|Any CPU
		{6F96775D-35EE-4455-A81A-37C4D00A71DC}.Release|Any CPU.Build.0 = Release|Any CPU
		{380F5F47-5ED4-47DB-96FF-D536B3437868}.Debug|Any CPU.ActiveCfg = Debug|Any CPU
		{380F5F47-5ED4-47DB-96FF-D536B3437868}.Debug|Any CPU.Build.0 = Debug|Any CPU
		{380F5F47-5ED4-47DB-96FF-D536B3437868}.Release|Any CPU.ActiveCfg = Release|Any CPU
		{380F5F47-5ED4-47DB-96FF-D536B3437868}.Release|Any CPU.Build.0 = Release|Any CPU
		{8F2564F5-D74E-4DA1-AC24-C6182365456F}.Debug|Any CPU.ActiveCfg = Debug|Any CPU
		{8F2564F5-D74E-4DA1-AC24-C6182365456F}.Debug|Any CPU.Build.0 = Debug|Any CPU
		{8F2564F5-D74E-4DA1-AC24-C6182365456F}.Release|Any CPU.ActiveCfg = Release|Any CPU
		{8F2564F5-D74E-4DA1-AC24-C6182365456F}.Release|Any CPU.Build.0 = Release|Any CPU
		{688F996A-4E26-4D32-B94C-A2FD72FB247C}.Debug|Any CPU.ActiveCfg = Debug|Any CPU
		{688F996A-4E26-4D32-B94C-A2FD72FB247C}.Debug|Any CPU.Build.0 = Debug|Any CPU
		{688F996A-4E26-4D32-B94C-A2FD72FB247C}.Release|Any CPU.ActiveCfg = Release|Any CPU
		{688F996A-4E26-4D32-B94C-A2FD72FB247C}.Release|Any CPU.Build.0 = Release|Any CPU
		{FAB554D6-8668-412F-9C91-028B8385E572}.Debug|Any CPU.ActiveCfg = Debug|Any CPU
		{FAB554D6-8668-412F-9C91-028B8385E572}.Debug|Any CPU.Build.0 = Debug|Any CPU
		{FAB554D6-8668-412F-9C91-028B8385E572}.Release|Any CPU.ActiveCfg = Release|Any CPU
		{FAB554D6-8668-412F-9C91-028B8385E572}.Release|Any CPU.Build.0 = Release|Any CPU
		{34B2C754-5DA1-45E4-9FC6-BEAF6F99C2F2}.Debug|Any CPU.ActiveCfg = Debug|Any CPU
		{34B2C754-5DA1-45E4-9FC6-BEAF6F99C2F2}.Debug|Any CPU.Build.0 = Debug|Any CPU
		{34B2C754-5DA1-45E4-9FC6-BEAF6F99C2F2}.Release|Any CPU.ActiveCfg = Release|Any CPU
		{34B2C754-5DA1-45E4-9FC6-BEAF6F99C2F2}.Release|Any CPU.Build.0 = Release|Any CPU
		{B3C6883D-F3CE-4C3C-8646-0D95901CD60E}.Debug|Any CPU.ActiveCfg = Debug|Any CPU
		{B3C6883D-F3CE-4C3C-8646-0D95901CD60E}.Debug|Any CPU.Build.0 = Debug|Any CPU
		{B3C6883D-F3CE-4C3C-8646-0D95901CD60E}.Release|Any CPU.ActiveCfg = Release|Any CPU
		{B3C6883D-F3CE-4C3C-8646-0D95901CD60E}.Release|Any CPU.Build.0 = Release|Any CPU
		{C8414E00-77AF-4D2E-A736-26563A662345}.Debug|Any CPU.ActiveCfg = Debug|Any CPU
		{C8414E00-77AF-4D2E-A736-26563A662345}.Debug|Any CPU.Build.0 = Debug|Any CPU
		{C8414E00-77AF-4D2E-A736-26563A662345}.Release|Any CPU.ActiveCfg = Release|Any CPU
		{C8414E00-77AF-4D2E-A736-26563A662345}.Release|Any CPU.Build.0 = Release|Any CPU
		{B5DA6F82-AF06-4111-9AC8-A939ECCFF4D3}.Debug|Any CPU.ActiveCfg = Debug|Any CPU
		{B5DA6F82-AF06-4111-9AC8-A939ECCFF4D3}.Debug|Any CPU.Build.0 = Debug|Any CPU
		{B5DA6F82-AF06-4111-9AC8-A939ECCFF4D3}.Release|Any CPU.ActiveCfg = Release|Any CPU
		{B5DA6F82-AF06-4111-9AC8-A939ECCFF4D3}.Release|Any CPU.Build.0 = Release|Any CPU
		{B377F988-CA36-4DAC-A6D8-836ED011CD3B}.Debug|Any CPU.ActiveCfg = Debug|Any CPU
		{B377F988-CA36-4DAC-A6D8-836ED011CD3B}.Debug|Any CPU.Build.0 = Debug|Any CPU
		{B377F988-CA36-4DAC-A6D8-836ED011CD3B}.Release|Any CPU.ActiveCfg = Release|Any CPU
		{B377F988-CA36-4DAC-A6D8-836ED011CD3B}.Release|Any CPU.Build.0 = Release|Any CPU
		{8F138B40-B411-4813-A519-CCC1D0EE2B35}.Debug|Any CPU.ActiveCfg = Debug|Any CPU
		{8F138B40-B411-4813-A519-CCC1D0EE2B35}.Debug|Any CPU.Build.0 = Debug|Any CPU
		{8F138B40-B411-4813-A519-CCC1D0EE2B35}.Release|Any CPU.ActiveCfg = Release|Any CPU
		{8F138B40-B411-4813-A519-CCC1D0EE2B35}.Release|Any CPU.Build.0 = Release|Any CPU
		{76521B5B-7C4A-4F09-8BF4-9EE391453C4A}.Debug|Any CPU.ActiveCfg = Debug|Any CPU
		{76521B5B-7C4A-4F09-8BF4-9EE391453C4A}.Debug|Any CPU.Build.0 = Debug|Any CPU
		{76521B5B-7C4A-4F09-8BF4-9EE391453C4A}.Release|Any CPU.ActiveCfg = Release|Any CPU
		{76521B5B-7C4A-4F09-8BF4-9EE391453C4A}.Release|Any CPU.Build.0 = Release|Any CPU
		{63005184-DF9E-421F-9A39-8BD41A90AECE}.Debug|Any CPU.ActiveCfg = Debug|Any CPU
		{63005184-DF9E-421F-9A39-8BD41A90AECE}.Debug|Any CPU.Build.0 = Debug|Any CPU
		{63005184-DF9E-421F-9A39-8BD41A90AECE}.Release|Any CPU.ActiveCfg = Release|Any CPU
		{63005184-DF9E-421F-9A39-8BD41A90AECE}.Release|Any CPU.Build.0 = Release|Any CPU
		{9EF68110-AC80-4102-ACE5-F29389E745BC}.Debug|Any CPU.ActiveCfg = Debug|Any CPU
		{9EF68110-AC80-4102-ACE5-F29389E745BC}.Debug|Any CPU.Build.0 = Debug|Any CPU
		{9EF68110-AC80-4102-ACE5-F29389E745BC}.Release|Any CPU.ActiveCfg = Release|Any CPU
		{9EF68110-AC80-4102-ACE5-F29389E745BC}.Release|Any CPU.Build.0 = Release|Any CPU
		{73805B9D-FFAA-441C-A71F-67C6952CC2DA}.Debug|Any CPU.ActiveCfg = Debug|Any CPU
		{73805B9D-FFAA-441C-A71F-67C6952CC2DA}.Debug|Any CPU.Build.0 = Debug|Any CPU
		{73805B9D-FFAA-441C-A71F-67C6952CC2DA}.Release|Any CPU.ActiveCfg = Release|Any CPU
		{73805B9D-FFAA-441C-A71F-67C6952CC2DA}.Release|Any CPU.Build.0 = Release|Any CPU
		{F8A5E0E2-73FC-489F-80F3-3E90F84E3534}.Debug|Any CPU.ActiveCfg = Debug|Any CPU
		{F8A5E0E2-73FC-489F-80F3-3E90F84E3534}.Debug|Any CPU.Build.0 = Debug|Any CPU
		{F8A5E0E2-73FC-489F-80F3-3E90F84E3534}.Release|Any CPU.ActiveCfg = Release|Any CPU
		{F8A5E0E2-73FC-489F-80F3-3E90F84E3534}.Release|Any CPU.Build.0 = Release|Any CPU
		{A28D25C7-91F4-47CE-A7B6-BBC9B47ECBED}.Debug|Any CPU.ActiveCfg = Debug|Any CPU
		{A28D25C7-91F4-47CE-A7B6-BBC9B47ECBED}.Debug|Any CPU.Build.0 = Debug|Any CPU
		{A28D25C7-91F4-47CE-A7B6-BBC9B47ECBED}.Release|Any CPU.ActiveCfg = Release|Any CPU
		{A28D25C7-91F4-47CE-A7B6-BBC9B47ECBED}.Release|Any CPU.Build.0 = Release|Any CPU
		{13E09D8B-FF57-4F6F-BA1E-B622FDAEDBC1}.Debug|Any CPU.ActiveCfg = Debug|Any CPU
		{13E09D8B-FF57-4F6F-BA1E-B622FDAEDBC1}.Debug|Any CPU.Build.0 = Debug|Any CPU
		{13E09D8B-FF57-4F6F-BA1E-B622FDAEDBC1}.Release|Any CPU.ActiveCfg = Release|Any CPU
		{13E09D8B-FF57-4F6F-BA1E-B622FDAEDBC1}.Release|Any CPU.Build.0 = Release|Any CPU
		{45783653-500A-4F76-91A3-3E3E6C738A90}.Debug|Any CPU.ActiveCfg = Debug|Any CPU
		{45783653-500A-4F76-91A3-3E3E6C738A90}.Debug|Any CPU.Build.0 = Debug|Any CPU
		{45783653-500A-4F76-91A3-3E3E6C738A90}.Release|Any CPU.ActiveCfg = Release|Any CPU
		{45783653-500A-4F76-91A3-3E3E6C738A90}.Release|Any CPU.Build.0 = Release|Any CPU
		{81B154F1-2F30-4B5C-96F6-63A31B495DE4}.Debug|Any CPU.ActiveCfg = Debug|Any CPU
		{81B154F1-2F30-4B5C-96F6-63A31B495DE4}.Debug|Any CPU.Build.0 = Debug|Any CPU
		{81B154F1-2F30-4B5C-96F6-63A31B495DE4}.Release|Any CPU.ActiveCfg = Release|Any CPU
		{81B154F1-2F30-4B5C-96F6-63A31B495DE4}.Release|Any CPU.Build.0 = Release|Any CPU
		{5B9B458E-E403-460E-8543-2EA3BCF162C3}.Debug|Any CPU.ActiveCfg = Debug|Any CPU
		{5B9B458E-E403-460E-8543-2EA3BCF162C3}.Debug|Any CPU.Build.0 = Debug|Any CPU
		{5B9B458E-E403-460E-8543-2EA3BCF162C3}.Release|Any CPU.ActiveCfg = Release|Any CPU
		{5B9B458E-E403-460E-8543-2EA3BCF162C3}.Release|Any CPU.Build.0 = Release|Any CPU
		{55F095E9-0843-4FEE-9A3A-8CE024E718BC}.Debug|Any CPU.ActiveCfg = Debug|Any CPU
		{55F095E9-0843-4FEE-9A3A-8CE024E718BC}.Debug|Any CPU.Build.0 = Debug|Any CPU
		{55F095E9-0843-4FEE-9A3A-8CE024E718BC}.Release|Any CPU.ActiveCfg = Release|Any CPU
		{55F095E9-0843-4FEE-9A3A-8CE024E718BC}.Release|Any CPU.Build.0 = Release|Any CPU
		{B0D80E18-B013-43B5-8950-B09B452FD30F}.Debug|Any CPU.ActiveCfg = Debug|Any CPU
		{B0D80E18-B013-43B5-8950-B09B452FD30F}.Debug|Any CPU.Build.0 = Debug|Any CPU
		{B0D80E18-B013-43B5-8950-B09B452FD30F}.Release|Any CPU.ActiveCfg = Release|Any CPU
		{B0D80E18-B013-43B5-8950-B09B452FD30F}.Release|Any CPU.Build.0 = Release|Any CPU
		{21D58D05-3132-4112-8B57-AAC3160E0C81}.Debug|Any CPU.ActiveCfg = Debug|Any CPU
		{21D58D05-3132-4112-8B57-AAC3160E0C81}.Debug|Any CPU.Build.0 = Debug|Any CPU
		{21D58D05-3132-4112-8B57-AAC3160E0C81}.Release|Any CPU.ActiveCfg = Release|Any CPU
		{21D58D05-3132-4112-8B57-AAC3160E0C81}.Release|Any CPU.Build.0 = Release|Any CPU
		{5E39293A-FE2C-4C4E-82FC-F5EA3C3C0BDF}.Debug|Any CPU.ActiveCfg = Debug|Any CPU
		{5E39293A-FE2C-4C4E-82FC-F5EA3C3C0BDF}.Debug|Any CPU.Build.0 = Debug|Any CPU
		{5E39293A-FE2C-4C4E-82FC-F5EA3C3C0BDF}.Release|Any CPU.ActiveCfg = Release|Any CPU
		{5E39293A-FE2C-4C4E-82FC-F5EA3C3C0BDF}.Release|Any CPU.Build.0 = Release|Any CPU
		{EAC075FC-C91B-4EBC-9A45-1951D04C56BB}.Debug|Any CPU.ActiveCfg = Debug|Any CPU
		{EAC075FC-C91B-4EBC-9A45-1951D04C56BB}.Debug|Any CPU.Build.0 = Debug|Any CPU
		{EAC075FC-C91B-4EBC-9A45-1951D04C56BB}.Release|Any CPU.ActiveCfg = Release|Any CPU
		{EAC075FC-C91B-4EBC-9A45-1951D04C56BB}.Release|Any CPU.Build.0 = Release|Any CPU
		{D9D11FA5-FD65-4E20-A8DF-DFF5A2185C68}.Debug|Any CPU.ActiveCfg = Debug|Any CPU
		{D9D11FA5-FD65-4E20-A8DF-DFF5A2185C68}.Debug|Any CPU.Build.0 = Debug|Any CPU
		{D9D11FA5-FD65-4E20-A8DF-DFF5A2185C68}.Release|Any CPU.ActiveCfg = Release|Any CPU
		{D9D11FA5-FD65-4E20-A8DF-DFF5A2185C68}.Release|Any CPU.Build.0 = Release|Any CPU
		{D8ED1A17-3419-4555-B3E9-D9C6E6242747}.Debug|Any CPU.ActiveCfg = Debug|Any CPU
		{D8ED1A17-3419-4555-B3E9-D9C6E6242747}.Debug|Any CPU.Build.0 = Debug|Any CPU
		{D8ED1A17-3419-4555-B3E9-D9C6E6242747}.Release|Any CPU.ActiveCfg = Release|Any CPU
		{D8ED1A17-3419-4555-B3E9-D9C6E6242747}.Release|Any CPU.Build.0 = Release|Any CPU
		{D6081F93-302D-4CC3-8608-9EE89FC5CC3B}.Debug|Any CPU.ActiveCfg = Debug|Any CPU
		{D6081F93-302D-4CC3-8608-9EE89FC5CC3B}.Debug|Any CPU.Build.0 = Debug|Any CPU
		{D6081F93-302D-4CC3-8608-9EE89FC5CC3B}.Release|Any CPU.ActiveCfg = Release|Any CPU
		{D6081F93-302D-4CC3-8608-9EE89FC5CC3B}.Release|Any CPU.Build.0 = Release|Any CPU
		{7BFA4B7B-7E30-4511-AA3C-831B09348537}.Debug|Any CPU.ActiveCfg = Debug|Any CPU
		{7BFA4B7B-7E30-4511-AA3C-831B09348537}.Debug|Any CPU.Build.0 = Debug|Any CPU
		{7BFA4B7B-7E30-4511-AA3C-831B09348537}.Release|Any CPU.ActiveCfg = Release|Any CPU
		{7BFA4B7B-7E30-4511-AA3C-831B09348537}.Release|Any CPU.Build.0 = Release|Any CPU
		{F314970D-1572-4F58-BEF6-35332C47EB07}.Debug|Any CPU.ActiveCfg = Debug|Any CPU
		{F314970D-1572-4F58-BEF6-35332C47EB07}.Debug|Any CPU.Build.0 = Debug|Any CPU
		{F314970D-1572-4F58-BEF6-35332C47EB07}.Release|Any CPU.ActiveCfg = Release|Any CPU
		{F314970D-1572-4F58-BEF6-35332C47EB07}.Release|Any CPU.Build.0 = Release|Any CPU
		{051095A5-32F0-4F51-991D-F1BCDD491118}.Debug|Any CPU.ActiveCfg = Debug|Any CPU
		{051095A5-32F0-4F51-991D-F1BCDD491118}.Debug|Any CPU.Build.0 = Debug|Any CPU
		{051095A5-32F0-4F51-991D-F1BCDD491118}.Release|Any CPU.ActiveCfg = Release|Any CPU
		{051095A5-32F0-4F51-991D-F1BCDD491118}.Release|Any CPU.Build.0 = Release|Any CPU
		{D28AD830-40F2-4C08-B2DD-AB4955193411}.Debug|Any CPU.ActiveCfg = Debug|Any CPU
		{D28AD830-40F2-4C08-B2DD-AB4955193411}.Debug|Any CPU.Build.0 = Debug|Any CPU
		{D28AD830-40F2-4C08-B2DD-AB4955193411}.Release|Any CPU.ActiveCfg = Release|Any CPU
		{D28AD830-40F2-4C08-B2DD-AB4955193411}.Release|Any CPU.Build.0 = Release|Any CPU
		{872AE747-57A1-42B8-AE19-3963D8B8AEEF}.Debug|Any CPU.ActiveCfg = Debug|Any CPU
		{872AE747-57A1-42B8-AE19-3963D8B8AEEF}.Debug|Any CPU.Build.0 = Debug|Any CPU
		{872AE747-57A1-42B8-AE19-3963D8B8AEEF}.Release|Any CPU.ActiveCfg = Release|Any CPU
		{872AE747-57A1-42B8-AE19-3963D8B8AEEF}.Release|Any CPU.Build.0 = Release|Any CPU
		{CA329F22-A0B7-4475-BC86-02A4D4BB93B5}.Debug|Any CPU.ActiveCfg = Debug|Any CPU
		{CA329F22-A0B7-4475-BC86-02A4D4BB93B5}.Debug|Any CPU.Build.0 = Debug|Any CPU
		{CA329F22-A0B7-4475-BC86-02A4D4BB93B5}.Release|Any CPU.ActiveCfg = Release|Any CPU
		{CA329F22-A0B7-4475-BC86-02A4D4BB93B5}.Release|Any CPU.Build.0 = Release|Any CPU
		{1EFE78B5-8944-4897-8865-7CF3177465B7}.Debug|Any CPU.ActiveCfg = Debug|Any CPU
		{1EFE78B5-8944-4897-8865-7CF3177465B7}.Debug|Any CPU.Build.0 = Debug|Any CPU
		{1EFE78B5-8944-4897-8865-7CF3177465B7}.Release|Any CPU.ActiveCfg = Release|Any CPU
		{1EFE78B5-8944-4897-8865-7CF3177465B7}.Release|Any CPU.Build.0 = Release|Any CPU
		{FC0EA191-9D61-463F-B745-6FB6B9D868BA}.Debug|Any CPU.ActiveCfg = Debug|Any CPU
		{FC0EA191-9D61-463F-B745-6FB6B9D868BA}.Debug|Any CPU.Build.0 = Debug|Any CPU
		{FC0EA191-9D61-463F-B745-6FB6B9D868BA}.Release|Any CPU.ActiveCfg = Release|Any CPU
		{FC0EA191-9D61-463F-B745-6FB6B9D868BA}.Release|Any CPU.Build.0 = Release|Any CPU
		{54AD47C7-81E2-4313-A2F5-2365426872CC}.Debug|Any CPU.ActiveCfg = Debug|Any CPU
		{54AD47C7-81E2-4313-A2F5-2365426872CC}.Debug|Any CPU.Build.0 = Debug|Any CPU
		{54AD47C7-81E2-4313-A2F5-2365426872CC}.Release|Any CPU.ActiveCfg = Release|Any CPU
		{54AD47C7-81E2-4313-A2F5-2365426872CC}.Release|Any CPU.Build.0 = Release|Any CPU
		{CC6C70FC-8817-4941-9249-B30665BDEB65}.Debug|Any CPU.ActiveCfg = Debug|Any CPU
		{CC6C70FC-8817-4941-9249-B30665BDEB65}.Debug|Any CPU.Build.0 = Debug|Any CPU
		{CC6C70FC-8817-4941-9249-B30665BDEB65}.Release|Any CPU.ActiveCfg = Release|Any CPU
		{CC6C70FC-8817-4941-9249-B30665BDEB65}.Release|Any CPU.Build.0 = Release|Any CPU
		{7A0C7B2F-BA9C-4DA1-8F39-9B7639F2473B}.Debug|Any CPU.ActiveCfg = Debug|Any CPU
		{7A0C7B2F-BA9C-4DA1-8F39-9B7639F2473B}.Debug|Any CPU.Build.0 = Debug|Any CPU
		{7A0C7B2F-BA9C-4DA1-8F39-9B7639F2473B}.Release|Any CPU.ActiveCfg = Release|Any CPU
		{7A0C7B2F-BA9C-4DA1-8F39-9B7639F2473B}.Release|Any CPU.Build.0 = Release|Any CPU
		{F921A843-9081-4C9F-899C-133706788496}.Debug|Any CPU.ActiveCfg = Debug|Any CPU
		{F921A843-9081-4C9F-899C-133706788496}.Debug|Any CPU.Build.0 = Debug|Any CPU
		{F921A843-9081-4C9F-899C-133706788496}.Release|Any CPU.ActiveCfg = Release|Any CPU
		{F921A843-9081-4C9F-899C-133706788496}.Release|Any CPU.Build.0 = Release|Any CPU
		{0C48C626-6A20-4E45-8331-842D4EA6C780}.Debug|Any CPU.ActiveCfg = Debug|Any CPU
		{0C48C626-6A20-4E45-8331-842D4EA6C780}.Debug|Any CPU.Build.0 = Debug|Any CPU
		{0C48C626-6A20-4E45-8331-842D4EA6C780}.Release|Any CPU.ActiveCfg = Release|Any CPU
		{0C48C626-6A20-4E45-8331-842D4EA6C780}.Release|Any CPU.Build.0 = Release|Any CPU
		{A7A40682-9DCE-4B3E-8F15-CEF3BF68800B}.Debug|Any CPU.ActiveCfg = Debug|Any CPU
		{A7A40682-9DCE-4B3E-8F15-CEF3BF68800B}.Debug|Any CPU.Build.0 = Debug|Any CPU
		{A7A40682-9DCE-4B3E-8F15-CEF3BF68800B}.Release|Any CPU.ActiveCfg = Release|Any CPU
		{A7A40682-9DCE-4B3E-8F15-CEF3BF68800B}.Release|Any CPU.Build.0 = Release|Any CPU
		{5F46E6B3-B03F-43DA-8BD3-8AF560BC6AC8}.Debug|Any CPU.ActiveCfg = Debug|Any CPU
		{5F46E6B3-B03F-43DA-8BD3-8AF560BC6AC8}.Debug|Any CPU.Build.0 = Debug|Any CPU
		{5F46E6B3-B03F-43DA-8BD3-8AF560BC6AC8}.Release|Any CPU.ActiveCfg = Release|Any CPU
		{5F46E6B3-B03F-43DA-8BD3-8AF560BC6AC8}.Release|Any CPU.Build.0 = Release|Any CPU
		{F8518300-B712-49CC-A5E7-50B95D515AEB}.Debug|Any CPU.ActiveCfg = Debug|Any CPU
		{F8518300-B712-49CC-A5E7-50B95D515AEB}.Debug|Any CPU.Build.0 = Debug|Any CPU
		{F8518300-B712-49CC-A5E7-50B95D515AEB}.Release|Any CPU.ActiveCfg = Release|Any CPU
		{F8518300-B712-49CC-A5E7-50B95D515AEB}.Release|Any CPU.Build.0 = Release|Any CPU
		{1C90B894-BBB6-46D5-8DA3-AA27517C2353}.Debug|Any CPU.ActiveCfg = Debug|Any CPU
		{1C90B894-BBB6-46D5-8DA3-AA27517C2353}.Debug|Any CPU.Build.0 = Debug|Any CPU
		{1C90B894-BBB6-46D5-8DA3-AA27517C2353}.Release|Any CPU.ActiveCfg = Release|Any CPU
		{1C90B894-BBB6-46D5-8DA3-AA27517C2353}.Release|Any CPU.Build.0 = Release|Any CPU
		{FC8EA728-0D27-4C76-9F54-E7F8CD23EDD6}.Debug|Any CPU.ActiveCfg = Debug|Any CPU
		{FC8EA728-0D27-4C76-9F54-E7F8CD23EDD6}.Debug|Any CPU.Build.0 = Debug|Any CPU
		{FC8EA728-0D27-4C76-9F54-E7F8CD23EDD6}.Release|Any CPU.ActiveCfg = Release|Any CPU
		{FC8EA728-0D27-4C76-9F54-E7F8CD23EDD6}.Release|Any CPU.Build.0 = Release|Any CPU
		{11E0839C-3596-429D-B587-BAB0F2DB7B67}.Debug|Any CPU.ActiveCfg = Debug|Any CPU
		{11E0839C-3596-429D-B587-BAB0F2DB7B67}.Debug|Any CPU.Build.0 = Debug|Any CPU
		{11E0839C-3596-429D-B587-BAB0F2DB7B67}.Release|Any CPU.ActiveCfg = Release|Any CPU
		{11E0839C-3596-429D-B587-BAB0F2DB7B67}.Release|Any CPU.Build.0 = Release|Any CPU
		{91EBBC2E-171A-4210-84A1-951483DE7DF2}.Debug|Any CPU.ActiveCfg = Debug|Any CPU
		{91EBBC2E-171A-4210-84A1-951483DE7DF2}.Debug|Any CPU.Build.0 = Debug|Any CPU
		{91EBBC2E-171A-4210-84A1-951483DE7DF2}.Release|Any CPU.ActiveCfg = Release|Any CPU
		{91EBBC2E-171A-4210-84A1-951483DE7DF2}.Release|Any CPU.Build.0 = Release|Any CPU
		{DDE71950-DDBB-4565-9B4B-8898833CB548}.Debug|Any CPU.ActiveCfg = Debug|Any CPU
		{DDE71950-DDBB-4565-9B4B-8898833CB548}.Debug|Any CPU.Build.0 = Debug|Any CPU
		{DDE71950-DDBB-4565-9B4B-8898833CB548}.Release|Any CPU.ActiveCfg = Release|Any CPU
		{DDE71950-DDBB-4565-9B4B-8898833CB548}.Release|Any CPU.Build.0 = Release|Any CPU
		{FCBDE142-EDCF-48AE-B5E5-8AD83FD2A3A4}.Debug|Any CPU.ActiveCfg = Debug|Any CPU
		{FCBDE142-EDCF-48AE-B5E5-8AD83FD2A3A4}.Debug|Any CPU.Build.0 = Debug|Any CPU
		{FCBDE142-EDCF-48AE-B5E5-8AD83FD2A3A4}.Release|Any CPU.ActiveCfg = Release|Any CPU
		{FCBDE142-EDCF-48AE-B5E5-8AD83FD2A3A4}.Release|Any CPU.Build.0 = Release|Any CPU
		{42E40C24-59A5-47D8-9885-5249A3A5E34D}.Debug|Any CPU.ActiveCfg = Debug|Any CPU
		{42E40C24-59A5-47D8-9885-5249A3A5E34D}.Debug|Any CPU.Build.0 = Debug|Any CPU
		{42E40C24-59A5-47D8-9885-5249A3A5E34D}.Release|Any CPU.ActiveCfg = Release|Any CPU
		{42E40C24-59A5-47D8-9885-5249A3A5E34D}.Release|Any CPU.Build.0 = Release|Any CPU
		{B5D8E3EE-2385-41A3-9199-684C8C49D214}.Debug|Any CPU.ActiveCfg = Debug|Any CPU
		{B5D8E3EE-2385-41A3-9199-684C8C49D214}.Debug|Any CPU.Build.0 = Debug|Any CPU
		{B5D8E3EE-2385-41A3-9199-684C8C49D214}.Release|Any CPU.ActiveCfg = Release|Any CPU
		{B5D8E3EE-2385-41A3-9199-684C8C49D214}.Release|Any CPU.Build.0 = Release|Any CPU
		{238BBF86-464C-4290-A05F-0064858298E2}.Debug|Any CPU.ActiveCfg = Debug|Any CPU
		{238BBF86-464C-4290-A05F-0064858298E2}.Debug|Any CPU.Build.0 = Debug|Any CPU
		{238BBF86-464C-4290-A05F-0064858298E2}.Release|Any CPU.ActiveCfg = Release|Any CPU
		{238BBF86-464C-4290-A05F-0064858298E2}.Release|Any CPU.Build.0 = Release|Any CPU
		{BDF244BF-0943-421F-A2F4-0E53718B20F5}.Debug|Any CPU.ActiveCfg = Debug|Any CPU
		{BDF244BF-0943-421F-A2F4-0E53718B20F5}.Debug|Any CPU.Build.0 = Debug|Any CPU
		{BDF244BF-0943-421F-A2F4-0E53718B20F5}.Release|Any CPU.ActiveCfg = Release|Any CPU
		{BDF244BF-0943-421F-A2F4-0E53718B20F5}.Release|Any CPU.Build.0 = Release|Any CPU
		{B22F98DB-F5D6-44BA-B793-473D4F49AEBD}.Debug|Any CPU.ActiveCfg = Debug|Any CPU
		{B22F98DB-F5D6-44BA-B793-473D4F49AEBD}.Debug|Any CPU.Build.0 = Debug|Any CPU
		{B22F98DB-F5D6-44BA-B793-473D4F49AEBD}.Release|Any CPU.ActiveCfg = Release|Any CPU
		{B22F98DB-F5D6-44BA-B793-473D4F49AEBD}.Release|Any CPU.Build.0 = Release|Any CPU
		{DA1D95C1-36C6-49F1-8E24-FE26FC3EFF8F}.Debug|Any CPU.ActiveCfg = Debug|Any CPU
		{DA1D95C1-36C6-49F1-8E24-FE26FC3EFF8F}.Debug|Any CPU.Build.0 = Debug|Any CPU
		{DA1D95C1-36C6-49F1-8E24-FE26FC3EFF8F}.Release|Any CPU.ActiveCfg = Release|Any CPU
		{DA1D95C1-36C6-49F1-8E24-FE26FC3EFF8F}.Release|Any CPU.Build.0 = Release|Any CPU
		{EEE62837-61F0-4F68-8FF2-AFEAF6E53C74}.Debug|Any CPU.ActiveCfg = Debug|Any CPU
		{EEE62837-61F0-4F68-8FF2-AFEAF6E53C74}.Debug|Any CPU.Build.0 = Debug|Any CPU
		{EEE62837-61F0-4F68-8FF2-AFEAF6E53C74}.Release|Any CPU.ActiveCfg = Release|Any CPU
		{EEE62837-61F0-4F68-8FF2-AFEAF6E53C74}.Release|Any CPU.Build.0 = Release|Any CPU
	EndGlobalSection
	GlobalSection(SolutionProperties) = preSolution
		HideSolutionNode = FALSE
	EndGlobalSection
	GlobalSection(ExtensibilityGlobals) = postSolution
		SolutionGuid = {5F4312FF-8D02-4C6B-A7F7-3808129001F8}
	EndGlobalSection
EndGlobal
